{
  "name": "CN11-NodeJs-Sentry",
  "lockfileVersion": 2,
  "requires": true,
  "packages": {
    "": {
      "dependencies": {
        "@sentry/node": "^6.19.6",
        "@sentry/tracing": "^6.19.6"
      }
    },
    "node_modules/@sentry/core": {
      "version": "6.19.6",
      "resolved": "https://registry.npmjs.org/@sentry/core/-/core-6.19.6.tgz",
      "integrity": "sha512-biEotGRr44/vBCOegkTfC9rwqaqRKIpFljKGyYU6/NtzMRooktqOhjmjmItNCMRknArdeaQwA8lk2jcZDXX3Og==",
      "dependencies": {
        "@sentry/hub": "6.19.6",
        "@sentry/minimal": "6.19.6",
        "@sentry/types": "6.19.6",
        "@sentry/utils": "6.19.6",
        "tslib": "^1.9.3"
      },
      "engines": {
        "node": ">=6"
      }
    },
    "node_modules/@sentry/hub": {
      "version": "6.19.6",
      "resolved": "https://registry.npmjs.org/@sentry/hub/-/hub-6.19.6.tgz",
      "integrity": "sha512-PuEOBZxvx3bjxcXmWWZfWXG+orojQiWzv9LQXjIgroVMKM/GG4QtZbnWl1hOckUj7WtKNl4hEGO2g/6PyCV/vA==",
      "dependencies": {
        "@sentry/types": "6.19.6",
        "@sentry/utils": "6.19.6",
        "tslib": "^1.9.3"
      },
      "engines": {
        "node": ">=6"
      }
    },
    "node_modules/@sentry/minimal": {
      "version": "6.19.6",
      "resolved": "https://registry.npmjs.org/@sentry/minimal/-/minimal-6.19.6.tgz",
      "integrity": "sha512-T1NKcv+HTlmd8EbzUgnGPl4ySQGHWMCyZ8a8kXVMZOPDzphN3fVIzkYzWmSftCWp0rpabXPt9aRF2mfBKU+mAQ==",
      "dependencies": {
        "@sentry/hub": "6.19.6",
        "@sentry/types": "6.19.6",
        "tslib": "^1.9.3"
      },
      "engines": {
        "node": ">=6"
      }
    },
    "node_modules/@sentry/node": {
      "version": "6.19.6",
      "resolved": "https://registry.npmjs.org/@sentry/node/-/node-6.19.6.tgz",
      "integrity": "sha512-kHQMfsy40ZxxdS9zMPmXCOOLWOJbQj6/aVSHt/L1QthYcgkAi7NJQNXnQIPWQDe8eP3DfNIWM7dc446coqjXrQ==",
      "dependencies": {
        "@sentry/core": "6.19.6",
        "@sentry/hub": "6.19.6",
        "@sentry/types": "6.19.6",
        "@sentry/utils": "6.19.6",
        "cookie": "^0.4.1",
        "https-proxy-agent": "^5.0.0",
        "lru_map": "^0.3.3",
        "tslib": "^1.9.3"
      },
      "engines": {
        "node": ">=6"
      }
    },
    "node_modules/@sentry/tracing": {
      "version": "6.19.6",
      "resolved": "https://registry.npmjs.org/@sentry/tracing/-/tracing-6.19.6.tgz",
      "integrity": "sha512-STZdlEtTBqRmPw6Vjkzi/1kGkGPgiX0zdHaSOhSeA2HXHwx7Wnfu7veMKxtKWdO+0yW9QZGYOYqp0GVf4Swujg==",
      "dependencies": {
        "@sentry/hub": "6.19.6",
        "@sentry/minimal": "6.19.6",
        "@sentry/types": "6.19.6",
        "@sentry/utils": "6.19.6",
        "tslib": "^1.9.3"
      },
      "engines": {
        "node": ">=6"
      }
    },
    "node_modules/@sentry/types": {
      "version": "6.19.6",
      "resolved": "https://registry.npmjs.org/@sentry/types/-/types-6.19.6.tgz",
      "integrity": "sha512-QH34LMJidEUPZK78l+Frt3AaVFJhEmIi05Zf8WHd9/iTt+OqvCHBgq49DDr1FWFqyYWm/QgW/3bIoikFpfsXyQ==",
      "engines": {
        "node": ">=6"
      }
    },
    "node_modules/@sentry/utils": {
      "version": "6.19.6",
      "resolved": "https://registry.npmjs.org/@sentry/utils/-/utils-6.19.6.tgz",
      "integrity": "sha512-fAMWcsguL0632eWrROp/vhPgI7sBj/JROWVPzpabwVkm9z3m1rQm6iLFn4qfkZL8Ozy6NVZPXOQ7EXmeU24byg==",
      "dependencies": {
        "@sentry/types": "6.19.6",
        "tslib": "^1.9.3"
      },
      "engines": {
        "node": ">=6"
      }
    },
    "node_modules/agent-base": {
      "version": "6.0.2",
      "resolved": "https://registry.npmjs.org/agent-base/-/agent-base-6.0.2.tgz",
      "integrity": "sha512-RZNwNclF7+MS/8bDg70amg32dyeZGZxiDuQmZxKLAlQjr3jGyLx+4Kkk58UO7D2QdgFIQCovuSuZESne6RG6XQ==",
      "dependencies": {
        "debug": "4"
      },
      "engines": {
        "node": ">= 6.0.0"
      }
    },
    "node_modules/cookie": {
      "version": "0.4.2",
      "resolved": "https://registry.npmjs.org/cookie/-/cookie-0.4.2.tgz",
      "integrity": "sha512-aSWTXFzaKWkvHO1Ny/s+ePFpvKsPnjc551iI41v3ny/ow6tBG5Vd+FuqGNhh1LxOmVzOlGUriIlOaokOvhaStA==",
      "engines": {
        "node": ">= 0.6"
      }
    },
    "node_modules/debug": {
      "version": "4.3.4",
      "resolved": "https://registry.npmjs.org/debug/-/debug-4.3.4.tgz",
      "integrity": "sha512-PRWFHuSU3eDtQJPvnNY7Jcket1j0t5OuOsFzPPzsekD52Zl8qUfFIPEiswXqIvHWGVHOgX+7G/vCNNhehwxfkQ==",
      "dependencies": {
        "ms": "2.1.2"
      },
      "engines": {
        "node": ">=6.0"
      },
      "peerDependenciesMeta": {
        "supports-color": {
          "optional": true
        }
      }
    },
    "node_modules/https-proxy-agent": {
      "version": "5.0.0",
      "resolved": "https://registry.npmjs.org/https-proxy-agent/-/https-proxy-agent-5.0.0.tgz",
      "integrity": "sha512-EkYm5BcKUGiduxzSt3Eppko+PiNWNEpa4ySk9vTC6wDsQJW9rHSa+UhGNJoRYp7bz6Ht1eaRIa6QaJqO5rCFbA==",
      "dependencies": {
        "agent-base": "6",
        "debug": "4"
      },
      "engines": {
        "node": ">= 6"
      }
    },
    "node_modules/lru_map": {
      "version": "0.3.3",
      "resolved": "https://registry.npmjs.org/lru_map/-/lru_map-0.3.3.tgz",
      "integrity": "sha1-tcg1G5Rky9dQM1p5ZQoOwOVhGN0="
    },
    "node_modules/ms": {
      "version": "2.1.2",
      "resolved": "https://registry.npmjs.org/ms/-/ms-2.1.2.tgz",
      "integrity": "sha512-sGkPx+VjMtmA6MX27oA4FBFELFCZZ4S4XqeGOXCv68tT+jb3vk/RyaKWP0PTKyWtmLSM0b+adUTEvbs1PEaH2w=="
    },
    "node_modules/tslib": {
      "version": "1.14.1",
      "resolved": "https://registry.npmjs.org/tslib/-/tslib-1.14.1.tgz",
      "integrity": "sha512-Xni35NKzjgMrwevysHTCArtLDpPvye8zV/0E4EyYn43P7/7qvQwPh9BGkHewbMulVntbigmcT7rdX3BNo9wRJg=="
    }
  },
  "dependencies": {
    "@sentry/core": {
      "version": "6.19.6",
      "resolved": "https://registry.npmjs.org/@sentry/core/-/core-6.19.6.tgz",
      "integrity": "sha512-biEotGRr44/vBCOegkTfC9rwqaqRKIpFljKGyYU6/NtzMRooktqOhjmjmItNCMRknArdeaQwA8lk2jcZDXX3Og==",
      "requires": {
        "@sentry/hub": "6.19.6",
        "@sentry/minimal": "6.19.6",
        "@sentry/types": "6.19.6",
        "@sentry/utils": "6.19.6",
        "tslib": "^1.9.3"
      }
    },
    "@sentry/hub": {
      "version": "6.19.6",
      "resolved": "https://registry.npmjs.org/@sentry/hub/-/hub-6.19.6.tgz",
      "integrity": "sha512-PuEOBZxvx3bjxcXmWWZfWXG+orojQiWzv9LQXjIgroVMKM/GG4QtZbnWl1hOckUj7WtKNl4hEGO2g/6PyCV/vA==",
      "requires": {
        "@sentry/types": "6.19.6",
        "@sentry/utils": "6.19.6",
        "tslib": "^1.9.3"
      }
    },
    "@sentry/minimal": {
      "version": "6.19.6",
      "resolved": "https://registry.npmjs.org/@sentry/minimal/-/minimal-6.19.6.tgz",
      "integrity": "sha512-T1NKcv+HTlmd8EbzUgnGPl4ySQGHWMCyZ8a8kXVMZOPDzphN3fVIzkYzWmSftCWp0rpabXPt9aRF2mfBKU+mAQ==",
      "requires": {
        "@sentry/hub": "6.19.6",
        "@sentry/types": "6.19.6",
        "tslib": "^1.9.3"
      }
    },
    "@sentry/node": {
      "version": "6.19.6",
      "resolved": "https://registry.npmjs.org/@sentry/node/-/node-6.19.6.tgz",
      "integrity": "sha512-kHQMfsy40ZxxdS9zMPmXCOOLWOJbQj6/aVSHt/L1QthYcgkAi7NJQNXnQIPWQDe8eP3DfNIWM7dc446coqjXrQ==",
      "requires": {
        "@sentry/core": "6.19.6",
        "@sentry/hub": "6.19.6",
        "@sentry/types": "6.19.6",
        "@sentry/utils": "6.19.6",
        "cookie": "^0.4.1",
        "https-proxy-agent": "^5.0.0",
        "lru_map": "^0.3.3",
        "tslib": "^1.9.3"
      }
    },
    "@sentry/tracing": {
      "version": "6.19.6",
      "resolved": "https://registry.npmjs.org/@sentry/tracing/-/tracing-6.19.6.tgz",
      "integrity": "sha512-STZdlEtTBqRmPw6Vjkzi/1kGkGPgiX0zdHaSOhSeA2HXHwx7Wnfu7veMKxtKWdO+0yW9QZGYOYqp0GVf4Swujg==",
      "requires": {
        "@sentry/hub": "6.19.6",
        "@sentry/minimal": "6.19.6",
        "@sentry/types": "6.19.6",
        "@sentry/utils": "6.19.6",
        "tslib": "^1.9.3"
      }
    },
    "@sentry/types": {
      "version": "6.19.6",
      "resolved": "https://registry.npmjs.org/@sentry/types/-/types-6.19.6.tgz",
      "integrity": "sha512-QH34LMJidEUPZK78l+Frt3AaVFJhEmIi05Zf8WHd9/iTt+OqvCHBgq49DDr1FWFqyYWm/QgW/3bIoikFpfsXyQ=="
    },
    "@sentry/utils": {
      "version": "6.19.6",
      "resolved": "https://registry.npmjs.org/@sentry/utils/-/utils-6.19.6.tgz",
      "integrity": "sha512-fAMWcsguL0632eWrROp/vhPgI7sBj/JROWVPzpabwVkm9z3m1rQm6iLFn4qfkZL8Ozy6NVZPXOQ7EXmeU24byg==",
      "requires": {
        "@sentry/types": "6.19.6",
        "tslib": "^1.9.3"
      }
    },
    "agent-base": {
      "version": "6.0.2",
      "resolved": "https://registry.npmjs.org/agent-base/-/agent-base-6.0.2.tgz",
      "integrity": "sha512-RZNwNclF7+MS/8bDg70amg32dyeZGZxiDuQmZxKLAlQjr3jGyLx+4Kkk58UO7D2QdgFIQCovuSuZESne6RG6XQ==",
      "requires": {
        "debug": "4"
      }
    },
    "cookie": {
      "version": "0.4.2",
      "resolved": "https://registry.npmjs.org/cookie/-/cookie-0.4.2.tgz",
      "integrity": "sha512-aSWTXFzaKWkvHO1Ny/s+ePFpvKsPnjc551iI41v3ny/ow6tBG5Vd+FuqGNhh1LxOmVzOlGUriIlOaokOvhaStA=="
    },
    "debug": {
      "version": "4.3.4",
      "resolved": "https://registry.npmjs.org/debug/-/debug-4.3.4.tgz",
      "integrity": "sha512-PRWFHuSU3eDtQJPvnNY7Jcket1j0t5OuOsFzPPzsekD52Zl8qUfFIPEiswXqIvHWGVHOgX+7G/vCNNhehwxfkQ==",
      "requires": {
        "ms": "2.1.2"
      }
    },
    "https-proxy-agent": {
      "version": "5.0.0",
      "resolved": "https://registry.npmjs.org/https-proxy-agent/-/https-proxy-agent-5.0.0.tgz",
      "integrity": "sha512-EkYm5BcKUGiduxzSt3Eppko+PiNWNEpa4ySk9vTC6wDsQJW9rHSa+UhGNJoRYp7bz6Ht1eaRIa6QaJqO5rCFbA==",
      "requires": {
        "agent-base": "6",
        "debug": "4"
      }
    },
    "lru_map": {
      "version": "0.3.3",
      "resolved": "https://registry.npmjs.org/lru_map/-/lru_map-0.3.3.tgz",
      "integrity": "sha1-tcg1G5Rky9dQM1p5ZQoOwOVhGN0="
    },
    "ms": {
      "version": "2.1.2",
      "resolved": "https://registry.npmjs.org/ms/-/ms-2.1.2.tgz",
      "integrity": "sha512-sGkPx+VjMtmA6MX27oA4FBFELFCZZ4S4XqeGOXCv68tT+jb3vk/RyaKWP0PTKyWtmLSM0b+adUTEvbs1PEaH2w=="
    },
    "tslib": {
      "version": "1.14.1",
      "resolved": "https://registry.npmjs.org/tslib/-/tslib-1.14.1.tgz",
      "integrity": "sha512-Xni35NKzjgMrwevysHTCArtLDpPvye8zV/0E4EyYn43P7/7qvQwPh9BGkHewbMulVntbigmcT7rdX3BNo9wRJg=="
    }
  }
}
